// !$*UTF8*$!
{
	archiveVersion = 1;
	classes = {
	};
	objectVersion = 50;
	objects = {

/* Begin PBXBuildFile section */
		C164DAB12491F544001D9B63 /* MainView.swift in Sources */ = {isa = PBXBuildFile; fileRef = C164DAB02491F544001D9B63 /* MainView.swift */; };
		C19BEF5A24909CF8004DFD4B /* SettingView.swift in Sources */ = {isa = PBXBuildFile; fileRef = C19BEF5924909CF8004DFD4B /* SettingView.swift */; };
		C1AFB7CE24933D260052C9D0 /* SettingView2.swift in Sources */ = {isa = PBXBuildFile; fileRef = C1AFB7CD24933D260052C9D0 /* SettingView2.swift */; };
		C1AFB7D024934D8E0052C9D0 /* ListCell.swift in Sources */ = {isa = PBXBuildFile; fileRef = C1AFB7CF24934D8D0052C9D0 /* ListCell.swift */; };
		C1AFB7D2249365F80052C9D0 /* IntroCompany.swift in Sources */ = {isa = PBXBuildFile; fileRef = C1AFB7D1249365F80052C9D0 /* IntroCompany.swift */; };
		C1AFB7D5249382C60052C9D0 /* SelfCheck.swift in Sources */ = {isa = PBXBuildFile; fileRef = C1AFB7D4249382C60052C9D0 /* SelfCheck.swift */; };
		C1BD0D7C2498587E0064D57C /* TopOfWebViews.swift in Sources */ = {isa = PBXBuildFile; fileRef = C1BD0D7B2498587E0064D57C /* TopOfWebViews.swift */; };
		C1BDB13C24974051009DAD8B /* ListCellMainV.swift in Sources */ = {isa = PBXBuildFile; fileRef = C1BDB13B24974051009DAD8B /* ListCellMainV.swift */; };
		C1BDB14424977831009DAD8B /* GrinbiSmart_License.html in Resources */ = {isa = PBXBuildFile; fileRef = C1BDB14124977831009DAD8B /* GrinbiSmart_License.html */; };
		C1BDB14524977831009DAD8B /* GrinbiSmart_Policies.html in Resources */ = {isa = PBXBuildFile; fileRef = C1BDB14224977831009DAD8B /* GrinbiSmart_Policies.html */; };
		C1BDB14624977831009DAD8B /* GrinbiSmart_Terms.html in Resources */ = {isa = PBXBuildFile; fileRef = C1BDB14324977831009DAD8B /* GrinbiSmart_Terms.html */; };
		C1ED8A312490636500487BAD /* AppDelegate.swift in Sources */ = {isa = PBXBuildFile; fileRef = C1ED8A302490636500487BAD /* AppDelegate.swift */; };
		C1ED8A332490636500487BAD /* SceneDelegate.swift in Sources */ = {isa = PBXBuildFile; fileRef = C1ED8A322490636500487BAD /* SceneDelegate.swift */; };
		C1ED8A352490636500487BAD /* ContentView.swift in Sources */ = {isa = PBXBuildFile; fileRef = C1ED8A342490636500487BAD /* ContentView.swift */; };
		C1ED8A372490636700487BAD /* Assets.xcassets in Resources */ = {isa = PBXBuildFile; fileRef = C1ED8A362490636700487BAD /* Assets.xcassets */; };
		C1ED8A3A2490636700487BAD /* Preview Assets.xcassets in Resources */ = {isa = PBXBuildFile; fileRef = C1ED8A392490636700487BAD /* Preview Assets.xcassets */; };
		C1ED8A3D2490636700487BAD /* LaunchScreen.storyboard in Resources */ = {isa = PBXBuildFile; fileRef = C1ED8A3B2490636700487BAD /* LaunchScreen.storyboard */; };
		C1ED8A47249080C900487BAD /* ContentView2.swift in Sources */ = {isa = PBXBuildFile; fileRef = C1ED8A46249080C900487BAD /* ContentView2.swift */; };
/* End PBXBuildFile section */

/* Begin PBXFileReference section */
		C164DAB02491F544001D9B63 /* MainView.swift */ = {isa = PBXFileReference; lastKnownFileType = sourcecode.swift; path = MainView.swift; sourceTree = "<group>"; };
		C19BEF5924909CF8004DFD4B /* SettingView.swift */ = {isa = PBXFileReference; lastKnownFileType = sourcecode.swift; path = SettingView.swift; sourceTree = "<group>"; };
		C1AFB7CD24933D260052C9D0 /* SettingView2.swift */ = {isa = PBXFileReference; lastKnownFileType = sourcecode.swift; path = SettingView2.swift; sourceTree = "<group>"; };
		C1AFB7CF24934D8D0052C9D0 /* ListCell.swift */ = {isa = PBXFileReference; lastKnownFileType = sourcecode.swift; path = ListCell.swift; sourceTree = "<group>"; };
		C1AFB7D1249365F80052C9D0 /* IntroCompany.swift */ = {isa = PBXFileReference; lastKnownFileType = sourcecode.swift; path = IntroCompany.swift; sourceTree = "<group>"; };
		C1AFB7D4249382C60052C9D0 /* SelfCheck.swift */ = {isa = PBXFileReference; lastKnownFileType = sourcecode.swift; path = SelfCheck.swift; sourceTree = "<group>"; };
		C1BD0D7B2498587E0064D57C /* TopOfWebViews.swift */ = {isa = PBXFileReference; lastKnownFileType = sourcecode.swift; path = TopOfWebViews.swift; sourceTree = "<group>"; };
		C1BDB13B24974051009DAD8B /* ListCellMainV.swift */ = {isa = PBXFileReference; lastKnownFileType = sourcecode.swift; path = ListCellMainV.swift; sourceTree = "<group>"; };
		C1BDB14124977831009DAD8B /* GrinbiSmart_License.html */ = {isa = PBXFileReference; fileEncoding = 4; lastKnownFileType = text.html; path = GrinbiSmart_License.html; sourceTree = "<group>"; };
		C1BDB14224977831009DAD8B /* GrinbiSmart_Policies.html */ = {isa = PBXFileReference; fileEncoding = 4; lastKnownFileType = text.html; path = GrinbiSmart_Policies.html; sourceTree = "<group>"; };
		C1BDB14324977831009DAD8B /* GrinbiSmart_Terms.html */ = {isa = PBXFileReference; fileEncoding = 4; lastKnownFileType = text.html; path = GrinbiSmart_Terms.html; sourceTree = "<group>"; };
		C1ED8A2D2490636500487BAD /* MedicallYang0610.app */ = {isa = PBXFileReference; explicitFileType = wrapper.application; includeInIndex = 0; path = MedicallYang0610.app; sourceTree = BUILT_PRODUCTS_DIR; };
		C1ED8A302490636500487BAD /* AppDelegate.swift */ = {isa = PBXFileReference; lastKnownFileType = sourcecode.swift; path = AppDelegate.swift; sourceTree = "<group>"; };
		C1ED8A322490636500487BAD /* SceneDelegate.swift */ = {isa = PBXFileReference; lastKnownFileType = sourcecode.swift; path = SceneDelegate.swift; sourceTree = "<group>"; };
		C1ED8A342490636500487BAD /* ContentView.swift */ = {isa = PBXFileReference; lastKnownFileType = sourcecode.swift; path = ContentView.swift; sourceTree = "<group>"; };
		C1ED8A362490636700487BAD /* Assets.xcassets */ = {isa = PBXFileReference; lastKnownFileType = folder.assetcatalog; path = Assets.xcassets; sourceTree = "<group>"; };
		C1ED8A392490636700487BAD /* Preview Assets.xcassets */ = {isa = PBXFileReference; lastKnownFileType = folder.assetcatalog; path = "Preview Assets.xcassets"; sourceTree = "<group>"; };
		C1ED8A3C2490636700487BAD /* Base */ = {isa = PBXFileReference; lastKnownFileType = file.storyboard; name = Base; path = Base.lproj/LaunchScreen.storyboard; sourceTree = "<group>"; };
		C1ED8A3E2490636700487BAD /* Info.plist */ = {isa = PBXFileReference; lastKnownFileType = text.plist.xml; path = Info.plist; sourceTree = "<group>"; };
		C1ED8A46249080C900487BAD /* ContentView2.swift */ = {isa = PBXFileReference; lastKnownFileType = sourcecode.swift; path = ContentView2.swift; sourceTree = "<group>"; };
/* End PBXFileReference section */

/* Begin PBXFrameworksBuildPhase section */
		C1ED8A2A2490636500487BAD /* Frameworks */ = {
			isa = PBXFrameworksBuildPhase;
			buildActionMask = 2147483647;
			files = (
			);
			runOnlyForDeploymentPostprocessing = 0;
		};
/* End PBXFrameworksBuildPhase section */

/* Begin PBXGroup section */
		C1BD0D872498B2140064D57C /* New Group */ = {
			isa = PBXGroup;
			children = (
				C1ED8A46249080C900487BAD /* ContentView2.swift */,
			);
			path = "New Group";
			sourceTree = "<group>";
		};
		C1ED8A242490636500487BAD = {
			isa = PBXGroup;
			children = (
				C1ED8A2F2490636500487BAD /* MedicallYang0610 */,
				C1ED8A2E2490636500487BAD /* Products */,
			);
			sourceTree = "<group>";
		};
		C1ED8A2E2490636500487BAD /* Products */ = {
			isa = PBXGroup;
			children = (
				C1ED8A2D2490636500487BAD /* MedicallYang0610.app */,
			);
			name = Products;
			sourceTree = "<group>";
		};
		C1ED8A2F2490636500487BAD /* MedicallYang0610 */ = {
			isa = PBXGroup;
			children = (
				C1ED8A302490636500487BAD /* AppDelegate.swift */,
				C1ED8A322490636500487BAD /* SceneDelegate.swift */,
				C1ED8A342490636500487BAD /* ContentView.swift */,
				C164DAB02491F544001D9B63 /* MainView.swift */,
				C19BEF5924909CF8004DFD4B /* SettingView.swift */,
				C1AFB7CD24933D260052C9D0 /* SettingView2.swift */,
				C1BD0D7B2498587E0064D57C /* TopOfWebViews.swift */,
				C1AFB7D1249365F80052C9D0 /* IntroCompany.swift */,
				C1AFB7CF24934D8D0052C9D0 /* ListCell.swift */,
				C1BDB13B24974051009DAD8B /* ListCellMainV.swift */,
				C1AFB7D4249382C60052C9D0 /* SelfCheck.swift */,
				C1ED8A362490636700487BAD /* Assets.xcassets */,
				C1BDB14124977831009DAD8B /* GrinbiSmart_License.html */,
				C1BDB14224977831009DAD8B /* GrinbiSmart_Policies.html */,
				C1BDB14324977831009DAD8B /* GrinbiSmart_Terms.html */,
				C1ED8A3B2490636700487BAD /* LaunchScreen.storyboard */,
				C1ED8A3E2490636700487BAD /* Info.plist */,
				C1BD0D872498B2140064D57C /* New Group */,
				C1ED8A382490636700487BAD /* Preview Content */,
			);
			path = MedicallYang0610;
			sourceTree = "<group>";
		};
		C1ED8A382490636700487BAD /* Preview Content */ = {
			isa = PBXGroup;
			children = (
				C1ED8A392490636700487BAD /* Preview Assets.xcassets */,
			);
			path = "Preview Content";
			sourceTree = "<group>";
		};
/* End PBXGroup section */

/* Begin PBXNativeTarget section */
		C1ED8A2C2490636500487BAD /* MedicallYang0610 */ = {
			isa = PBXNativeTarget;
			buildConfigurationList = C1ED8A412490636700487BAD /* Build configuration list for PBXNativeTarget "MedicallYang0610" */;
			buildPhases = (
				C1ED8A292490636500487BAD /* Sources */,
				C1ED8A2A2490636500487BAD /* Frameworks */,
				C1ED8A2B2490636500487BAD /* Resources */,
			);
			buildRules = (
			);
			dependencies = (
			);
			name = MedicallYang0610;
			productName = MedicallYang0610;
			productReference = C1ED8A2D2490636500487BAD /* MedicallYang0610.app */;
			productType = "com.apple.product-type.application";
		};
/* End PBXNativeTarget section */

/* Begin PBXProject section */
		C1ED8A252490636500487BAD /* Project object */ = {
			isa = PBXProject;
			attributes = {
				LastSwiftUpdateCheck = 1150;
				LastUpgradeCheck = 1150;
				ORGANIZATIONNAME = yht;
				TargetAttributes = {
					C1ED8A2C2490636500487BAD = {
						CreatedOnToolsVersion = 11.5;
					};
				};
			};
			buildConfigurationList = C1ED8A282490636500487BAD /* Build configuration list for PBXProject "MedicallYang0610" */;
			compatibilityVersion = "Xcode 9.3";
			developmentRegion = en;
			hasScannedForEncodings = 0;
			knownRegions = (
				en,
				Base,
			);
			mainGroup = C1ED8A242490636500487BAD;
			productRefGroup = C1ED8A2E2490636500487BAD /* Products */;
			projectDirPath = "";
			projectRoot = "";
			targets = (
				C1ED8A2C2490636500487BAD /* MedicallYang0610 */,
			);
		};
/* End PBXProject section */

/* Begin PBXResourcesBuildPhase section */
		C1ED8A2B2490636500487BAD /* Resources */ = {
			isa = PBXResourcesBuildPhase;
			buildActionMask = 2147483647;
			files = (
				C1ED8A3D2490636700487BAD /* LaunchScreen.storyboard in Resources */,
				C1ED8A3A2490636700487BAD /* Preview Assets.xcassets in Resources */,
				C1BDB14524977831009DAD8B /* GrinbiSmart_Policies.html in Resources */,
				C1ED8A372490636700487BAD /* Assets.xcassets in Resources */,
				C1BDB14424977831009DAD8B /* GrinbiSmart_License.html in Resources */,
				C1BDB14624977831009DAD8B /* GrinbiSmart_Terms.html in Resources */,
			);
			runOnlyForDeploymentPostprocessing = 0;
		};
/* End PBXResourcesBuildPhase section */

/* Begin PBXSourcesBuildPhase section */
		C1ED8A292490636500487BAD /* Sources */ = {
			isa = PBXSourcesBuildPhase;
			buildActionMask = 2147483647;
			files = (
				C1ED8A312490636500487BAD /* AppDelegate.swift in Sources */,
				C164DAB12491F544001D9B63 /* MainView.swift in Sources */,
				C19BEF5A24909CF8004DFD4B /* SettingView.swift in Sources */,
				C1BD0D7C2498587E0064D57C /* TopOfWebViews.swift in Sources */,
				C1AFB7D2249365F80052C9D0 /* IntroCompany.swift in Sources */,
				C1ED8A47249080C900487BAD /* ContentView2.swift in Sources */,
				C1AFB7CE24933D260052C9D0 /* SettingView2.swift in Sources */,
				C1AFB7D024934D8E0052C9D0 /* ListCell.swift in Sources */,
				C1BDB13C24974051009DAD8B /* ListCellMainV.swift in Sources */,
				C1ED8A332490636500487BAD /* SceneDelegate.swift in Sources */,
				C1AFB7D5249382C60052C9D0 /* SelfCheck.swift in Sources */,
				C1ED8A352490636500487BAD /* ContentView.swift in Sources */,
			);
			runOnlyForDeploymentPostprocessing = 0;
		};
/* End PBXSourcesBuildPhase section */

/* Begin PBXVariantGroup section */
		C1ED8A3B2490636700487BAD /* LaunchScreen.storyboard */ = {
			isa = PBXVariantGroup;
			children = (
				C1ED8A3C2490636700487BAD /* Base */,
			);
			name = LaunchScreen.storyboard;
			sourceTree = "<group>";
		};
/* End PBXVariantGroup section */

/* Begin XCBuildConfiguration section */
		C1ED8A3F2490636700487BAD /* Debug */ = {
			isa = XCBuildConfiguration;
			buildSettings = {
				ALWAYS_SEARCH_USER_PATHS = NO;
				CLANG_ANALYZER_NONNULL = YES;
				CLANG_ANALYZER_NUMBER_OBJECT_CONVERSION = YES_AGGRESSIVE;
				CLANG_CXX_LANGUAGE_STANDARD = "gnu++14";
				CLANG_CXX_LIBRARY = "libc++";
				CLANG_ENABLE_MODULES = YES;
				CLANG_ENABLE_OBJC_ARC = YES;
				CLANG_ENABLE_OBJC_WEAK = YES;
				CLANG_WARN_BLOCK_CAPTURE_AUTORELEASING = YES;
				CLANG_WARN_BOOL_CONVERSION = YES;
				CLANG_WARN_COMMA = YES;
				CLANG_WARN_CONSTANT_CONVERSION = YES;
				CLANG_WARN_DEPRECATED_OBJC_IMPLEMENTATIONS = YES;
				CLANG_WARN_DIRECT_OBJC_ISA_USAGE = YES_ERROR;
				CLANG_WARN_DOCUMENTATION_COMMENTS = YES;
				CLANG_WARN_EMPTY_BODY = YES;
				CLANG_WARN_ENUM_CONVERSION = YES;
				CLANG_WARN_INFINITE_RECURSION = YES;
				CLANG_WARN_INT_CONVERSION = YES;
				CLANG_WARN_NON_LITERAL_NULL_CONVERSION = YES;
				CLANG_WARN_OBJC_IMPLICIT_RETAIN_SELF = YES;
				CLANG_WARN_OBJC_LITERAL_CONVERSION = YES;
				CLANG_WARN_OBJC_ROOT_CLASS = YES_ERROR;
				CLANG_WARN_RANGE_LOOP_ANALYSIS = YES;
				CLANG_WARN_STRICT_PROTOTYPES = YES;
				CLANG_WARN_SUSPICIOUS_MOVE = YES;
				CLANG_WARN_UNGUARDED_AVAILABILITY = YES_AGGRESSIVE;
				CLANG_WARN_UNREACHABLE_CODE = YES;
				CLANG_WARN__DUPLICATE_METHOD_MATCH = YES;
				COPY_PHASE_STRIP = NO;
				DEBUG_INFORMATION_FORMAT = dwarf;
				ENABLE_STRICT_OBJC_MSGSEND = YES;
				ENABLE_TESTABILITY = YES;
				GCC_C_LANGUAGE_STANDARD = gnu11;
				GCC_DYNAMIC_NO_PIC = NO;
				GCC_NO_COMMON_BLOCKS = YES;
				GCC_OPTIMIZATION_LEVEL = 0;
				GCC_PREPROCESSOR_DEFINITIONS = (
					"DEBUG=1",
					"$(inherited)",
				);
				GCC_WARN_64_TO_32_BIT_CONVERSION = YES;
				GCC_WARN_ABOUT_RETURN_TYPE = YES_ERROR;
				GCC_WARN_UNDECLARED_SELECTOR = YES;
				GCC_WARN_UNINITIALIZED_AUTOS = YES_AGGRESSIVE;
				GCC_WARN_UNUSED_FUNCTION = YES;
				GCC_WARN_UNUSED_VARIABLE = YES;
				IPHONEOS_DEPLOYMENT_TARGET = 13.5;
				MTL_ENABLE_DEBUG_INFO = INCLUDE_SOURCE;
				MTL_FAST_MATH = YES;
				ONLY_ACTIVE_ARCH = YES;
				SDKROOT = iphoneos;
				SWIFT_ACTIVE_COMPILATION_CONDITIONS = DEBUG;
				SWIFT_OPTIMIZATION_LEVEL = "-Onone";
			};
			name = Debug;
		};
		C1ED8A402490636700487BAD /* Release */ = {
			isa = XCBuildConfiguration;
			buildSettings = {
				ALWAYS_SEARCH_USER_PATHS = NO;
				CLANG_ANALYZER_NONNULL = YES;
				CLANG_ANALYZER_NUMBER_OBJECT_CONVERSION = YES_AGGRESSIVE;
				CLANG_CXX_LANGUAGE_STANDARD = "gnu++14";
				CLANG_CXX_LIBRARY = "libc++";
				CLANG_ENABLE_MODULES = YES;
				CLANG_ENABLE_OBJC_ARC = YES;
				CLANG_ENABLE_OBJC_WEAK = YES;
				CLANG_WARN_BLOCK_CAPTURE_AUTORELEASING = YES;
				CLANG_WARN_BOOL_CONVERSION = YES;
				CLANG_WARN_COMMA = YES;
				CLANG_WARN_CONSTANT_CONVERSION = YES;
				CLANG_WARN_DEPRECATED_OBJC_IMPLEMENTATIONS = YES;
				CLANG_WARN_DIRECT_OBJC_ISA_USAGE = YES_ERROR;
				CLANG_WARN_DOCUMENTATION_COMMENTS = YES;
				CLANG_WARN_EMPTY_BODY = YES;
				CLANG_WARN_ENUM_CONVERSION = YES;
				CLANG_WARN_INFINITE_RECURSION = YES;
				CLANG_WARN_INT_CONVERSION = YES;
				CLANG_WARN_NON_LITERAL_NULL_CONVERSION = YES;
				CLANG_WARN_OBJC_IMPLICIT_RETAIN_SELF = YES;
				CLANG_WARN_OBJC_LITERAL_CONVERSION = YES;
				CLANG_WARN_OBJC_ROOT_CLASS = YES_ERROR;
				CLANG_WARN_RANGE_LOOP_ANALYSIS = YES;
				CLANG_WARN_STRICT_PROTOTYPES = YES;
				CLANG_WARN_SUSPICIOUS_MOVE = YES;
				CLANG_WARN_UNGUARDED_AVAILABILITY = YES_AGGRESSIVE;
				CLANG_WARN_UNREACHABLE_CODE = YES;
				CLANG_WARN__DUPLICATE_METHOD_MATCH = YES;
				COPY_PHASE_STRIP = NO;
				DEBUG_INFORMATION_FORMAT = "dwarf-with-dsym";
				ENABLE_NS_ASSERTIONS = NO;
				ENABLE_STRICT_OBJC_MSGSEND = YES;
				GCC_C_LANGUAGE_STANDARD = gnu11;
				GCC_NO_COMMON_BLOCKS = YES;
				GCC_WARN_64_TO_32_BIT_CONVERSION = YES;
				GCC_WARN_ABOUT_RETURN_TYPE = YES_ERROR;
				GCC_WARN_UNDECLARED_SELECTOR = YES;
				GCC_WARN_UNINITIALIZED_AUTOS = YES_AGGRESSIVE;
				GCC_WARN_UNUSED_FUNCTION = YES;
				GCC_WARN_UNUSED_VARIABLE = YES;
				IPHONEOS_DEPLOYMENT_TARGET = 13.5;
				MTL_ENABLE_DEBUG_INFO = NO;
				MTL_FAST_MATH = YES;
				SDKROOT = iphoneos;
				SWIFT_COMPILATION_MODE = wholemodule;
				SWIFT_OPTIMIZATION_LEVEL = "-O";
				VALIDATE_PRODUCT = YES;
			};
			name = Release;
		};
		C1ED8A422490636700487BAD /* Debug */ = {
			isa = XCBuildConfiguration;
			buildSettings = {
				ASSETCATALOG_COMPILER_APPICON_NAME = AppIcon;
				CODE_SIGN_STYLE = Automatic;
				DEVELOPMENT_ASSET_PATHS = "\"MedicallYang0610/Preview Content\"";
				DEVELOPMENT_TEAM = 828N6YH57L;
				ENABLE_PREVIEWS = YES;
				INFOPLIST_FILE = MedicallYang0610/Info.plist;
				IPHONEOS_DEPLOYMENT_TARGET = 13.0;
				LD_RUNPATH_SEARCH_PATHS = (
					"$(inherited)",
					"@executable_path/Frameworks",
				);
				PRODUCT_BUNDLE_IDENTIFIER = Yang.org.MedicallYang0610;
				PRODUCT_NAME = "$(TARGET_NAME)";
				SWIFT_VERSION = 5.0;
				TARGETED_DEVICE_FAMILY = "1,2";
			};
			name = Debug;
		};
		C1ED8A432490636700487BAD /* Release */ = {
			isa = XCBuildConfiguration;
			buildSettings = {
				ASSETCATALOG_COMPILER_APPICON_NAME = AppIcon;
				CODE_SIGN_STYLE = Automatic;
				DEVELOPMENT_ASSET_PATHS = "\"MedicallYang0610/Preview Content\"";
				DEVELOPMENT_TEAM = 828N6YH57L;
				ENABLE_PREVIEWS = YES;
				INFOPLIST_FILE = MedicallYang0610/Info.plist;
				IPHONEOS_DEPLOYMENT_TARGET = 13.0;
				LD_RUNPATH_SEARCH_PATHS = (
					"$(inherited)",
					"@executable_path/Frameworks",
				);
				PRODUCT_BUNDLE_IDENTIFIER = Yang.org.MedicallYang0610;
				PRODUCT_NAME = "$(TARGET_NAME)";
				SWIFT_VERSION = 5.0;
				TARGETED_DEVICE_FAMILY = "1,2";
			};
			name = Release;
		};
/* End XCBuildConfiguration section */

/* Begin XCConfigurationList section */
		C1ED8A282490636500487BAD /* Build configuration list for PBXProject "MedicallYang0610" */ = {
			isa = XCConfigurationList;
			buildConfigurations = (
				C1ED8A3F2490636700487BAD /* Debug */,
				C1ED8A402490636700487BAD /* Release */,
			);
			defaultConfigurationIsVisible = 0;
			defaultConfigurationName = Release;
		};
		C1ED8A412490636700487BAD /* Build configuration list for PBXNativeTarget "MedicallYang0610" */ = {
			isa = XCConfigurationList;
			buildConfigurations = (
				C1ED8A422490636700487BAD /* Debug */,
				C1ED8A432490636700487BAD /* Release */,
			);
			defaultConfigurationIsVisible = 0;
			defaultConfigurationName = Release;
		};
/* End XCConfigurationList section */
	};
	rootObject = C1ED8A252490636500487BAD /* Project object */;
}
